// !$*UTF8*$!
{
	archiveVersion = 1;
	classes = {
	};
	objectVersion = 50;
	objects = {

/* Begin PBXBuildFile section */
		91796E3526AF99DD005EDF13 /* AppDelegate.swift in Sources */ = {isa = PBXBuildFile; fileRef = 91796E3426AF99DD005EDF13 /* AppDelegate.swift */; };
		91796E3726AF99DD005EDF13 /* SceneDelegate.swift in Sources */ = {isa = PBXBuildFile; fileRef = 91796E3626AF99DD005EDF13 /* SceneDelegate.swift */; };
		91796E3926AF99DD005EDF13 /* ViewController.swift in Sources */ = {isa = PBXBuildFile; fileRef = 91796E3826AF99DD005EDF13 /* ViewController.swift */; };
		91796E3C26AF99DD005EDF13 /* Main.storyboard in Resources */ = {isa = PBXBuildFile; fileRef = 91796E3A26AF99DD005EDF13 /* Main.storyboard */; };
		91796E3E26AF99E0005EDF13 /* Assets.xcassets in Resources */ = {isa = PBXBuildFile; fileRef = 91796E3D26AF99E0005EDF13 /* Assets.xcassets */; };
		91796E4126AF99E0005EDF13 /* LaunchScreen.storyboard in Resources */ = {isa = PBXBuildFile; fileRef = 91796E3F26AF99E0005EDF13 /* LaunchScreen.storyboard */; };
		91796E4B26B88875005EDF13 /* Brain.swift in Sources */ = {isa = PBXBuildFile; fileRef = 91796E4A26B88875005EDF13 /* Brain.swift */; };
		91796E4F26BCD16B005EDF13 /* AppIcon.appiconset in Resources */ = {isa = PBXBuildFile; fileRef = 91796E4E26BCD16B005EDF13 /* AppIcon.appiconset */; };
		9184970A26C448C7008A38EF /* SecularOne-Regular.ttf in Resources */ = {isa = PBXBuildFile; fileRef = 9184970926C448BD008A38EF /* SecularOne-Regular.ttf */; };
		9184970C26C45015008A38EF /* skyhawk_wingspan.png in Resources */ = {isa = PBXBuildFile; fileRef = 9184970B26C45015008A38EF /* skyhawk_wingspan.png */; };
		9184971026C6E6FE008A38EF /* Aircraft.swift in Sources */ = {isa = PBXBuildFile; fileRef = 9184970F26C6E6FE008A38EF /* Aircraft.swift */; };
		91AFA38B26C43499009CC944 /* ResultsPanelView.xib in Resources */ = {isa = PBXBuildFile; fileRef = 91AFA38A26C43499009CC944 /* ResultsPanelView.xib */; };
		91AFA38F26C4383B009CC944 /* ResultsPanelView.swift in Sources */ = {isa = PBXBuildFile; fileRef = 91AFA38E26C4383B009CC944 /* ResultsPanelView.swift */; };
		91B53F6126BCEF1C008118F7 /* Utilities.swift in Sources */ = {isa = PBXBuildFile; fileRef = 91B53F6026BCEF1C008118F7 /* Utilities.swift */; };
		91B53F6326BCFA60008118F7 /* Cessna172s.swift in Sources */ = {isa = PBXBuildFile; fileRef = 91B53F6226BCFA60008118F7 /* Cessna172s.swift */; };
		91B53F6526BD0994008118F7 /* EulaViewController.swift in Sources */ = {isa = PBXBuildFile; fileRef = 91B53F6426BD0994008118F7 /* EulaViewController.swift */; };
		91B53F6726BDAD49008118F7 /* finalDesktop.png in Resources */ = {isa = PBXBuildFile; fileRef = 91B53F6626BDAD49008118F7 /* finalDesktop.png */; };
/* End PBXBuildFile section */

/* Begin PBXFileReference section */
		91796E3126AF99DD005EDF13 /* TakeoffWiz.app */ = {isa = PBXFileReference; explicitFileType = wrapper.application; includeInIndex = 0; path = TakeoffWiz.app; sourceTree = BUILT_PRODUCTS_DIR; };
		91796E3426AF99DD005EDF13 /* AppDelegate.swift */ = {isa = PBXFileReference; lastKnownFileType = sourcecode.swift; path = AppDelegate.swift; sourceTree = "<group>"; };
		91796E3626AF99DD005EDF13 /* SceneDelegate.swift */ = {isa = PBXFileReference; lastKnownFileType = sourcecode.swift; path = SceneDelegate.swift; sourceTree = "<group>"; };
		91796E3826AF99DD005EDF13 /* ViewController.swift */ = {isa = PBXFileReference; lastKnownFileType = sourcecode.swift; path = ViewController.swift; sourceTree = "<group>"; };
		91796E3B26AF99DD005EDF13 /* Base */ = {isa = PBXFileReference; lastKnownFileType = file.storyboard; name = Base; path = Base.lproj/Main.storyboard; sourceTree = "<group>"; };
		91796E3D26AF99E0005EDF13 /* Assets.xcassets */ = {isa = PBXFileReference; lastKnownFileType = folder.assetcatalog; path = Assets.xcassets; sourceTree = "<group>"; };
		91796E4026AF99E0005EDF13 /* Base */ = {isa = PBXFileReference; lastKnownFileType = file.storyboard; name = Base; path = Base.lproj/LaunchScreen.storyboard; sourceTree = "<group>"; };
		91796E4226AF99E0005EDF13 /* Info.plist */ = {isa = PBXFileReference; lastKnownFileType = text.plist.xml; path = Info.plist; sourceTree = "<group>"; };
		91796E4A26B88875005EDF13 /* Brain.swift */ = {isa = PBXFileReference; lastKnownFileType = sourcecode.swift; path = Brain.swift; sourceTree = "<group>"; };
		91796E4E26BCD16B005EDF13 /* AppIcon.appiconset */ = {isa = PBXFileReference; lastKnownFileType = folder; path = AppIcon.appiconset; sourceTree = "<group>"; };
		9184970926C448BD008A38EF /* SecularOne-Regular.ttf */ = {isa = PBXFileReference; lastKnownFileType = file; path = "SecularOne-Regular.ttf"; sourceTree = "<group>"; };
		9184970B26C45015008A38EF /* skyhawk_wingspan.png */ = {isa = PBXFileReference; lastKnownFileType = image.png; path = skyhawk_wingspan.png; sourceTree = "<group>"; };
		9184970F26C6E6FE008A38EF /* Aircraft.swift */ = {isa = PBXFileReference; lastKnownFileType = sourcecode.swift; path = Aircraft.swift; sourceTree = "<group>"; };
		91AFA38A26C43499009CC944 /* ResultsPanelView.xib */ = {isa = PBXFileReference; lastKnownFileType = file.xib; path = ResultsPanelView.xib; sourceTree = "<group>"; };
		91AFA38E26C4383B009CC944 /* ResultsPanelView.swift */ = {isa = PBXFileReference; lastKnownFileType = sourcecode.swift; path = ResultsPanelView.swift; sourceTree = "<group>"; };
		91B53F6026BCEF1C008118F7 /* Utilities.swift */ = {isa = PBXFileReference; lastKnownFileType = sourcecode.swift; path = Utilities.swift; sourceTree = "<group>"; };
		91B53F6226BCFA60008118F7 /* Cessna172s.swift */ = {isa = PBXFileReference; lastKnownFileType = sourcecode.swift; path = Cessna172s.swift; sourceTree = "<group>"; };
		91B53F6426BD0994008118F7 /* EulaViewController.swift */ = {isa = PBXFileReference; lastKnownFileType = sourcecode.swift; path = EulaViewController.swift; sourceTree = "<group>"; };
		91B53F6626BDAD49008118F7 /* finalDesktop.png */ = {isa = PBXFileReference; lastKnownFileType = image.png; path = finalDesktop.png; sourceTree = "<group>"; };
/* End PBXFileReference section */

/* Begin PBXFrameworksBuildPhase section */
		91796E2E26AF99DD005EDF13 /* Frameworks */ = {
			isa = PBXFrameworksBuildPhase;
			buildActionMask = 2147483647;
			files = (
			);
			runOnlyForDeploymentPostprocessing = 0;
		};
/* End PBXFrameworksBuildPhase section */

/* Begin PBXGroup section */
		91796E2826AF99DD005EDF13 = {
			isa = PBXGroup;
			children = (
				91796E3326AF99DD005EDF13 /* TakeoffWiz */,
				91796E3226AF99DD005EDF13 /* Products */,
			);
			sourceTree = "<group>";
		};
		91796E3226AF99DD005EDF13 /* Products */ = {
			isa = PBXGroup;
			children = (
				91796E3126AF99DD005EDF13 /* TakeoffWiz.app */,
			);
			name = Products;
			sourceTree = "<group>";
		};
		91796E3326AF99DD005EDF13 /* TakeoffWiz */ = {
			isa = PBXGroup;
			children = (
				91796E3426AF99DD005EDF13 /* AppDelegate.swift */,
				91796E3626AF99DD005EDF13 /* SceneDelegate.swift */,
				91796E3A26AF99DD005EDF13 /* Main.storyboard */,
				91AFA38A26C43499009CC944 /* ResultsPanelView.xib */,
				91AFA38E26C4383B009CC944 /* ResultsPanelView.swift */,
				91B53F6426BD0994008118F7 /* EulaViewController.swift */,
				91796E3826AF99DD005EDF13 /* ViewController.swift */,
				91B53F6026BCEF1C008118F7 /* Utilities.swift */,
				91796E4A26B88875005EDF13 /* Brain.swift */,
				9184970F26C6E6FE008A38EF /* Aircraft.swift */,
				91B53F6226BCFA60008118F7 /* Cessna172s.swift */,
				9184970926C448BD008A38EF /* SecularOne-Regular.ttf */,
				91B53F6626BDAD49008118F7 /* finalDesktop.png */,
				9184970B26C45015008A38EF /* skyhawk_wingspan.png */,
				91796E3D26AF99E0005EDF13 /* Assets.xcassets */,
				91796E4E26BCD16B005EDF13 /* AppIcon.appiconset */,
				91796E3F26AF99E0005EDF13 /* LaunchScreen.storyboard */,
				91796E4226AF99E0005EDF13 /* Info.plist */,
			);
			path = TakeoffWiz;
			sourceTree = "<group>";
		};
/* End PBXGroup section */

/* Begin PBXNativeTarget section */
		91796E3026AF99DD005EDF13 /* TakeoffWiz */ = {
			isa = PBXNativeTarget;
			buildConfigurationList = 91796E4526AF99E0005EDF13 /* Build configuration list for PBXNativeTarget "TakeoffWiz" */;
			buildPhases = (
				91796E2D26AF99DD005EDF13 /* Sources */,
				91796E2E26AF99DD005EDF13 /* Frameworks */,
				91796E2F26AF99DD005EDF13 /* Resources */,
			);
			buildRules = (
			);
			dependencies = (
			);
			name = TakeoffWiz;
			productName = TakeoffWiz;
			productReference = 91796E3126AF99DD005EDF13 /* TakeoffWiz.app */;
			productType = "com.apple.product-type.application";
		};
/* End PBXNativeTarget section */

/* Begin PBXProject section */
		91796E2926AF99DD005EDF13 /* Project object */ = {
			isa = PBXProject;
			attributes = {
				LastSwiftUpdateCheck = 1250;
				LastUpgradeCheck = 1250;
				TargetAttributes = {
					91796E3026AF99DD005EDF13 = {
						CreatedOnToolsVersion = 12.5.1;
					};
				};
			};
			buildConfigurationList = 91796E2C26AF99DD005EDF13 /* Build configuration list for PBXProject "TakeoffWiz" */;
			compatibilityVersion = "Xcode 9.3";
			developmentRegion = en;
			hasScannedForEncodings = 0;
			knownRegions = (
				en,
				Base,
			);
			mainGroup = 91796E2826AF99DD005EDF13;
			productRefGroup = 91796E3226AF99DD005EDF13 /* Products */;
			projectDirPath = "";
			projectRoot = "";
			targets = (
				91796E3026AF99DD005EDF13 /* TakeoffWiz */,
			);
		};
/* End PBXProject section */

/* Begin PBXResourcesBuildPhase section */
		91796E2F26AF99DD005EDF13 /* Resources */ = {
			isa = PBXResourcesBuildPhase;
			buildActionMask = 2147483647;
			files = (
				91796E4F26BCD16B005EDF13 /* AppIcon.appiconset in Resources */,
				9184970A26C448C7008A38EF /* SecularOne-Regular.ttf in Resources */,
				91AFA38B26C43499009CC944 /* ResultsPanelView.xib in Resources */,
				91796E4126AF99E0005EDF13 /* LaunchScreen.storyboard in Resources */,
				91796E3E26AF99E0005EDF13 /* Assets.xcassets in Resources */,
				91796E3C26AF99DD005EDF13 /* Main.storyboard in Resources */,
				91B53F6726BDAD49008118F7 /* finalDesktop.png in Resources */,
				9184970C26C45015008A38EF /* skyhawk_wingspan.png in Resources */,
			);
			runOnlyForDeploymentPostprocessing = 0;
		};
/* End PBXResourcesBuildPhase section */

/* Begin PBXSourcesBuildPhase section */
		91796E2D26AF99DD005EDF13 /* Sources */ = {
			isa = PBXSourcesBuildPhase;
			buildActionMask = 2147483647;
			files = (
				91796E3926AF99DD005EDF13 /* ViewController.swift in Sources */,
				91796E3526AF99DD005EDF13 /* AppDelegate.swift in Sources */,
				91796E4B26B88875005EDF13 /* Brain.swift in Sources */,
				91B53F6326BCFA60008118F7 /* Cessna172s.swift in Sources */,
				91B53F6526BD0994008118F7 /* EulaViewController.swift in Sources */,
				9184971026C6E6FE008A38EF /* Aircraft.swift in Sources */,
				91B53F6126BCEF1C008118F7 /* Utilities.swift in Sources */,
				91AFA38F26C4383B009CC944 /* ResultsPanelView.swift in Sources */,
				91796E3726AF99DD005EDF13 /* SceneDelegate.swift in Sources */,
			);
			runOnlyForDeploymentPostprocessing = 0;
		};
/* End PBXSourcesBuildPhase section */

/* Begin PBXVariantGroup section */
		91796E3A26AF99DD005EDF13 /* Main.storyboard */ = {
			isa = PBXVariantGroup;
			children = (
				91796E3B26AF99DD005EDF13 /* Base */,
			);
			name = Main.storyboard;
			sourceTree = "<group>";
		};
		91796E3F26AF99E0005EDF13 /* LaunchScreen.storyboard */ = {
			isa = PBXVariantGroup;
			children = (
				91796E4026AF99E0005EDF13 /* Base */,
			);
			name = LaunchScreen.storyboard;
			sourceTree = "<group>";
		};
/* End PBXVariantGroup section */

/* Begin XCBuildConfiguration section */
		91796E4326AF99E0005EDF13 /* Debug */ = {
			isa = XCBuildConfiguration;
			buildSettings = {
				ALWAYS_SEARCH_USER_PATHS = NO;
				CLANG_ANALYZER_NONNULL = YES;
				CLANG_ANALYZER_NUMBER_OBJECT_CONVERSION = YES_AGGRESSIVE;
				CLANG_CXX_LANGUAGE_STANDARD = "gnu++14";
				CLANG_CXX_LIBRARY = "libc++";
				CLANG_ENABLE_MODULES = YES;
				CLANG_ENABLE_OBJC_ARC = YES;
				CLANG_ENABLE_OBJC_WEAK = YES;
				CLANG_WARN_BLOCK_CAPTURE_AUTORELEASING = YES;
				CLANG_WARN_BOOL_CONVERSION = YES;
				CLANG_WARN_COMMA = YES;
				CLANG_WARN_CONSTANT_CONVERSION = YES;
				CLANG_WARN_DEPRECATED_OBJC_IMPLEMENTATIONS = YES;
				CLANG_WARN_DIRECT_OBJC_ISA_USAGE = YES_ERROR;
				CLANG_WARN_DOCUMENTATION_COMMENTS = YES;
				CLANG_WARN_EMPTY_BODY = YES;
				CLANG_WARN_ENUM_CONVERSION = YES;
				CLANG_WARN_INFINITE_RECURSION = YES;
				CLANG_WARN_INT_CONVERSION = YES;
				CLANG_WARN_NON_LITERAL_NULL_CONVERSION = YES;
				CLANG_WARN_OBJC_IMPLICIT_RETAIN_SELF = YES;
				CLANG_WARN_OBJC_LITERAL_CONVERSION = YES;
				CLANG_WARN_OBJC_ROOT_CLASS = YES_ERROR;
				CLANG_WARN_QUOTED_INCLUDE_IN_FRAMEWORK_HEADER = YES;
				CLANG_WARN_RANGE_LOOP_ANALYSIS = YES;
				CLANG_WARN_STRICT_PROTOTYPES = YES;
				CLANG_WARN_SUSPICIOUS_MOVE = YES;
				CLANG_WARN_UNGUARDED_AVAILABILITY = YES_AGGRESSIVE;
				CLANG_WARN_UNREACHABLE_CODE = YES;
				CLANG_WARN__DUPLICATE_METHOD_MATCH = YES;
				COPY_PHASE_STRIP = NO;
				DEBUG_INFORMATION_FORMAT = dwarf;
				ENABLE_STRICT_OBJC_MSGSEND = YES;
				ENABLE_TESTABILITY = YES;
				GCC_C_LANGUAGE_STANDARD = gnu11;
				GCC_DYNAMIC_NO_PIC = NO;
				GCC_NO_COMMON_BLOCKS = YES;
				GCC_OPTIMIZATION_LEVEL = 0;
				GCC_PREPROCESSOR_DEFINITIONS = (
					"DEBUG=1",
					"$(inherited)",
				);
				GCC_WARN_64_TO_32_BIT_CONVERSION = YES;
				GCC_WARN_ABOUT_RETURN_TYPE = YES_ERROR;
				GCC_WARN_UNDECLARED_SELECTOR = YES;
				GCC_WARN_UNINITIALIZED_AUTOS = YES_AGGRESSIVE;
				GCC_WARN_UNUSED_FUNCTION = YES;
				GCC_WARN_UNUSED_VARIABLE = YES;
				IPHONEOS_DEPLOYMENT_TARGET = 14.5;
				MTL_ENABLE_DEBUG_INFO = INCLUDE_SOURCE;
				MTL_FAST_MATH = YES;
				ONLY_ACTIVE_ARCH = YES;
				SDKROOT = iphoneos;
				SWIFT_ACTIVE_COMPILATION_CONDITIONS = DEBUG;
				SWIFT_OPTIMIZATION_LEVEL = "-Onone";
			};
			name = Debug;
		};
		91796E4426AF99E0005EDF13 /* Release */ = {
			isa = XCBuildConfiguration;
			buildSettings = {
				ALWAYS_SEARCH_USER_PATHS = NO;
				CLANG_ANALYZER_NONNULL = YES;
				CLANG_ANALYZER_NUMBER_OBJECT_CONVERSION = YES_AGGRESSIVE;
				CLANG_CXX_LANGUAGE_STANDARD = "gnu++14";
				CLANG_CXX_LIBRARY = "libc++";
				CLANG_ENABLE_MODULES = YES;
				CLANG_ENABLE_OBJC_ARC = YES;
				CLANG_ENABLE_OBJC_WEAK = YES;
				CLANG_WARN_BLOCK_CAPTURE_AUTORELEASING = YES;
				CLANG_WARN_BOOL_CONVERSION = YES;
				CLANG_WARN_COMMA = YES;
				CLANG_WARN_CONSTANT_CONVERSION = YES;
				CLANG_WARN_DEPRECATED_OBJC_IMPLEMENTATIONS = YES;
				CLANG_WARN_DIRECT_OBJC_ISA_USAGE = YES_ERROR;
				CLANG_WARN_DOCUMENTATION_COMMENTS = YES;
				CLANG_WARN_EMPTY_BODY = YES;
				CLANG_WARN_ENUM_CONVERSION = YES;
				CLANG_WARN_INFINITE_RECURSION = YES;
				CLANG_WARN_INT_CONVERSION = YES;
				CLANG_WARN_NON_LITERAL_NULL_CONVERSION = YES;
				CLANG_WARN_OBJC_IMPLICIT_RETAIN_SELF = YES;
				CLANG_WARN_OBJC_LITERAL_CONVERSION = YES;
				CLANG_WARN_OBJC_ROOT_CLASS = YES_ERROR;
				CLANG_WARN_QUOTED_INCLUDE_IN_FRAMEWORK_HEADER = YES;
				CLANG_WARN_RANGE_LOOP_ANALYSIS = YES;
				CLANG_WARN_STRICT_PROTOTYPES = YES;
				CLANG_WARN_SUSPICIOUS_MOVE = YES;
				CLANG_WARN_UNGUARDED_AVAILABILITY = YES_AGGRESSIVE;
				CLANG_WARN_UNREACHABLE_CODE = YES;
				CLANG_WARN__DUPLICATE_METHOD_MATCH = YES;
				COPY_PHASE_STRIP = NO;
				DEBUG_INFORMATION_FORMAT = "dwarf-with-dsym";
				ENABLE_NS_ASSERTIONS = NO;
				ENABLE_STRICT_OBJC_MSGSEND = YES;
				GCC_C_LANGUAGE_STANDARD = gnu11;
				GCC_NO_COMMON_BLOCKS = YES;
				GCC_WARN_64_TO_32_BIT_CONVERSION = YES;
				GCC_WARN_ABOUT_RETURN_TYPE = YES_ERROR;
				GCC_WARN_UNDECLARED_SELECTOR = YES;
				GCC_WARN_UNINITIALIZED_AUTOS = YES_AGGRESSIVE;
				GCC_WARN_UNUSED_FUNCTION = YES;
				GCC_WARN_UNUSED_VARIABLE = YES;
				IPHONEOS_DEPLOYMENT_TARGET = 14.5;
				MTL_ENABLE_DEBUG_INFO = NO;
				MTL_FAST_MATH = YES;
				SDKROOT = iphoneos;
				SWIFT_COMPILATION_MODE = wholemodule;
				SWIFT_OPTIMIZATION_LEVEL = "-O";
				VALIDATE_PRODUCT = YES;
			};
			name = Release;
		};
		91796E4626AF99E0005EDF13 /* Debug */ = {
			isa = XCBuildConfiguration;
			buildSettings = {
				ASSETCATALOG_COMPILER_APPICON_NAME = AppIcon;
				ASSETCATALOG_COMPILER_GLOBAL_ACCENT_COLOR_NAME = AccentColor;
				CODE_SIGN_STYLE = Automatic;
				DEVELOPMENT_TEAM = 9U42S3X4KS;
				INFOPLIST_FILE = TakeoffWiz/Info.plist;
				LD_RUNPATH_SEARCH_PATHS = (
					"$(inherited)",
					"@executable_path/Frameworks",
				);
				MARKETING_VERSION = 1.1;
				PRODUCT_BUNDLE_IDENTIFIER = co.spiritofparis.takeoffwiz;
				PRODUCT_NAME = "$(TARGET_NAME)";
				SWIFT_VERSION = 5.0;
				TARGETED_DEVICE_FAMILY = "1,2";
			};
			name = Debug;
		};
		91796E4726AF99E0005EDF13 /* Release */ = {
			isa = XCBuildConfiguration;
			buildSettings = {
				ASSETCATALOG_COMPILER_APPICON_NAME = AppIcon;
				ASSETCATALOG_COMPILER_GLOBAL_ACCENT_COLOR_NAME = AccentColor;
				CODE_SIGN_STYLE = Automatic;
				DEVELOPMENT_TEAM = 9U42S3X4KS;
				INFOPLIST_FILE = TakeoffWiz/Info.plist;
				LD_RUNPATH_SEARCH_PATHS = (
					"$(inherited)",
					"@executable_path/Frameworks",
				);
				MARKETING_VERSION = 1.1;
				PRODUCT_BUNDLE_IDENTIFIER = co.spiritofparis.takeoffwiz;
				PRODUCT_NAME = "$(TARGET_NAME)";
				SWIFT_VERSION = 5.0;
				TARGETED_DEVICE_FAMILY = "1,2";
			};
			name = Release;
		};
/* End XCBuildConfiguration section */

/* Begin XCConfigurationList section */
		91796E2C26AF99DD005EDF13 /* Build configuration list for PBXProject "TakeoffWiz" */ = {
			isa = XCConfigurationList;
			buildConfigurations = (
				91796E4326AF99E0005EDF13 /* Debug */,
				91796E4426AF99E0005EDF13 /* Release */,
			);
			defaultConfigurationIsVisible = 0;
			defaultConfigurationName = Release;
		};
		91796E4526AF99E0005EDF13 /* Build configuration list for PBXNativeTarget "TakeoffWiz" */ = {
			isa = XCConfigurationList;
			buildConfigurations = (
				91796E4626AF99E0005EDF13 /* Debug */,
				91796E4726AF99E0005EDF13 /* Release */,
			);
			defaultConfigurationIsVisible = 0;
			defaultConfigurationName = Release;
		};
/* End XCConfigurationList section */
	};
	rootObject = 91796E2926AF99DD005EDF13 /* Project object */;
}
